{
  "name": "cookie-connoisseur",
  "version": "0.3.1",
  "lockfileVersion": 2,
  "requires": true,
  "packages": {
    "": {
      "name": "cookie-connoisseur",
      "version": "0.3.1",
      "hasInstallScript": true,
      "license": "GPL-3.0-or-later",
      "dependencies": {
        "playwright": "^1.23.3"
      },
      "bin": {
        "cookie-connoisseur": "bin/cookie-connoisseur"
      },
      "devDependencies": {
        "@playwright/test": "^1.23.3",
        "@types/cookieclicker": "^2.31.5",
        "typescript": "^4.7.4"
      }
    },
    "node_modules/@playwright/test": {
      "version": "1.23.3",
      "resolved": "https://registry.npmjs.org/@playwright/test/-/test-1.23.3.tgz",
      "integrity": "sha512-kR4vo2UGHC84DGqE6EwvAeaehj3xCAK6LoC1P1eu6ZGdC79rlqRKf8cFDx6q6c9T8MQSL1O9eOlup0BpwqNF0w==",
      "dev": true,
      "dependencies": {
        "@types/node": "*",
        "playwright-core": "1.23.3"
      },
      "bin": {
        "playwright": "cli.js"
      },
      "engines": {
        "node": ">=14"
      }
    },
    "node_modules/@types/cookieclicker": {
      "version": "2.31.5",
      "resolved": "https://registry.npmjs.org/@types/cookieclicker/-/cookieclicker-2.31.5.tgz",
      "integrity": "sha512-hC9YRif+EpZCxNC0iISZmeglDKNKLakn6GSFRuku8+p3ZBp38prmJTbLPjbxxhC3P6p7K3iVVTZLK30EvVs1Fg==",
      "dev": true
    },
    "node_modules/@types/node": {
      "version": "18.0.4",
      "resolved": "https://registry.npmjs.org/@types/node/-/node-18.0.4.tgz",
      "integrity": "sha512-M0+G6V0Y4YV8cqzHssZpaNCqvYwlCiulmm0PwpNLF55r/+cT8Ol42CHRU1SEaYFH2rTwiiE1aYg/2g2rrtGdPA==",
      "dev": true
    },
    "node_modules/playwright": {
      "version": "1.23.3",
      "resolved": "https://registry.npmjs.org/playwright/-/playwright-1.23.3.tgz",
      "integrity": "sha512-4uPqXU1PBTBnNhqIyuz+WmvjlMNrt+Rje8lwBf3RpUP9UCjP8G41qrr/vDUbMoHhQaUfdWeDuZAkPUxAv5Ag8g==",
      "hasInstallScript": true,
      "dependencies": {
        "playwright-core": "1.23.3"
      },
      "bin": {
        "playwright": "cli.js"
      },
      "engines": {
        "node": ">=14"
      }
    },
    "node_modules/playwright-core": {
      "version": "1.23.3",
      "resolved": "https://registry.npmjs.org/playwright-core/-/playwright-core-1.23.3.tgz",
      "integrity": "sha512-x35yzsXDyo0BIXYimLnUFNyb42c//NadUNH6IPGOteZm96oTGA1kn4Hq6qJTI1/f9wEc1F9O1DsznXIgXMil7A==",
      "bin": {
        "playwright": "cli.js"
      },
      "engines": {
        "node": ">=14"
      }
    },
    "node_modules/typescript": {
      "version": "4.7.4",
      "resolved": "https://registry.npmjs.org/typescript/-/typescript-4.7.4.tgz",
      "integrity": "sha512-C0WQT0gezHuw6AdY1M2jxUO83Rjf0HP7Sk1DtXj6j1EwkQNZrHAg2XPWlq62oqEhYvONq5pkC2Y9oPljWToLmQ==",
      "dev": true,
      "bin": {
        "tsc": "bin/tsc",
        "tsserver": "bin/tsserver"
      },
      "engines": {
        "node": ">=4.2.0"
      }
    }
  },
  "dependencies": {
    "@playwright/test": {
      "version": "1.23.3",
      "resolved": "https://registry.npmjs.org/@playwright/test/-/test-1.23.3.tgz",
      "integrity": "sha512-kR4vo2UGHC84DGqE6EwvAeaehj3xCAK6LoC1P1eu6ZGdC79rlqRKf8cFDx6q6c9T8MQSL1O9eOlup0BpwqNF0w==",
      "dev": true,
      "requires": {
        "@types/node": "*",
        "playwright-core": "1.23.3"
      }
    },
    "@types/cookieclicker": {
      "version": "2.31.5",
      "resolved": "https://registry.npmjs.org/@types/cookieclicker/-/cookieclicker-2.31.5.tgz",
      "integrity": "sha512-hC9YRif+EpZCxNC0iISZmeglDKNKLakn6GSFRuku8+p3ZBp38prmJTbLPjbxxhC3P6p7K3iVVTZLK30EvVs1Fg==",
      "dev": true
    },
    "@types/node": {
      "version": "18.0.4",
      "resolved": "https://registry.npmjs.org/@types/node/-/node-18.0.4.tgz",
      "integrity": "sha512-M0+G6V0Y4YV8cqzHssZpaNCqvYwlCiulmm0PwpNLF55r/+cT8Ol42CHRU1SEaYFH2rTwiiE1aYg/2g2rrtGdPA==",
      "dev": true
    },
    "playwright": {
      "version": "1.23.3",
      "resolved": "https://registry.npmjs.org/playwright/-/playwright-1.23.3.tgz",
      "integrity": "sha512-4uPqXU1PBTBnNhqIyuz+WmvjlMNrt+Rje8lwBf3RpUP9UCjP8G41qrr/vDUbMoHhQaUfdWeDuZAkPUxAv5Ag8g==",
      "requires": {
        "playwright-core": "1.23.3"
      }
    },
    "playwright-core": {
      "version": "1.23.3",
      "resolved": "https://registry.npmjs.org/playwright-core/-/playwright-core-1.23.3.tgz",
      "integrity": "sha512-x35yzsXDyo0BIXYimLnUFNyb42c//NadUNH6IPGOteZm96oTGA1kn4Hq6qJTI1/f9wEc1F9O1DsznXIgXMil7A=="
    },
    "typescript": {
      "version": "4.7.4",
      "resolved": "https://registry.npmjs.org/typescript/-/typescript-4.7.4.tgz",
      "integrity": "sha512-C0WQT0gezHuw6AdY1M2jxUO83Rjf0HP7Sk1DtXj6j1EwkQNZrHAg2XPWlq62oqEhYvONq5pkC2Y9oPljWToLmQ==",
      "dev": true
    }
  }
}
